
Microsoft Visual Studio Solution File, Format Version 12.00
# Visual Studio Version 17
VisualStudioVersion = 17.6.33829.357
MinimumVisualStudioVersion = 10.0.40219.1
Project("{FAE04EC0-301F-11D3-BF4B-00C04F79EFBC}") = "ImageEndpoint", "ImageEndpoint.csproj", "{66C850BB-13B5-4025-A31F-61C056EDE68D}"
EndProject
Global
	GlobalSection(SolutionConfigurationPlatforms) = preSolution
		Debug|Any CPU = Debug|Any CPU
		Release|Any CPU = Release|Any CPU
	EndGlobalSection
	GlobalSection(ProjectConfigurationPlatforms) = postSolution
		{66C850BB-13B5-4025-A31F-61C056EDE68D}.Debug|Any CPU.ActiveCfg = Debug|Any CPU
		{66C850BB-13B5-4025-A31F-61C056EDE68D}.Debug|Any CPU.Build.0 = Debug|Any CPU
		{66C850BB-13B5-4025-A31F-61C056EDE68D}.Release|Any CPU.ActiveCfg = Release|Any CPU
		{66C850BB-13B5-4025-A31F-61C056EDE68D}.Release|Any CPU.Build.0 = Release|Any CPU
	EndGlobalSection
	GlobalSection(SolutionProperties) = preSolution
		HideSolutionNode = FALSE
	EndGlobalSection
	GlobalSection(ExtensibilityGlobals) = postSolution
		SolutionGuid = {169D2555-5E35-44CC-AEF8-463A155138F2}
	EndGlobalSection
EndGlobal
